
Microsoft Visual Studio Solution File, Format Version 12.00
# Visual Studio Version 17
VisualStudioVersion = 17.14.36511.14 d17.14
MinimumVisualStudioVersion = 10.0.40219.1
Project("{FAE04EC0-301F-11D3-BF4B-00C04F79EFBC}") = "Bai04", "Bai04.csproj", "{BE76156B-FD67-4B05-8941-9CDE81333EC1}"
EndProject
Global
	GlobalSection(SolutionConfigurationPlatforms) = preSolution
		Debug|Any CPU = Debug|Any CPU
		Release|Any CPU = Release|Any CPU
	EndGlobalSection
	GlobalSection(ProjectConfigurationPlatforms) = postSolution
		{BE76156B-FD67-4B05-8941-9CDE81333EC1}.Debug|Any CPU.ActiveCfg = Debug|Any CPU
		{BE76156B-FD67-4B05-8941-9CDE81333EC1}.Debug|Any CPU.Build.0 = Debug|Any CPU
		{BE76156B-FD67-4B05-8941-9CDE81333EC1}.Release|Any CPU.ActiveCfg = Release|Any CPU
		{BE76156B-FD67-4B05-8941-9CDE81333EC1}.Release|Any CPU.Build.0 = Release|Any CPU
	EndGlobalSection
	GlobalSection(SolutionProperties) = preSolution
		HideSolutionNode = FALSE
	EndGlobalSection
	GlobalSection(ExtensibilityGlobals) = postSolution
		SolutionGuid = {BCD1B37B-BBD9-42BA-AD90-3356345E2602}
	EndGlobalSection
EndGlobal
